
Microsoft Visual Studio Solution File, Format Version 12.00
# Visual Studio Version 17
VisualStudioVersion = 17.14.36121.58 d17.14
MinimumVisualStudioVersion = 10.0.40219.1
Project("{FAE04EC0-301F-11D3-BF4B-00C04F79EFBC}") = "Backy", "Backy\Backy.csproj", "{3C1E0D6A-1252-4C93-AD1C-2C8E4EE40719}"
EndProject
Global
	GlobalSection(SolutionConfigurationPlatforms) = preSolution
		Debug|Any CPU = Debug|Any CPU
		Release|Any CPU = Release|Any CPU
	EndGlobalSection
	GlobalSection(ProjectConfigurationPlatforms) = postSolution
		{3C1E0D6A-1252-4C93-AD1C-2C8E4EE40719}.Debug|Any CPU.ActiveCfg = Debug|Any CPU
		{3C1E0D6A-1252-4C93-AD1C-2C8E4EE40719}.Debug|Any CPU.Build.0 = Debug|Any CPU
		{3C1E0D6A-1252-4C93-AD1C-2C8E4EE40719}.Release|Any CPU.ActiveCfg = Release|Any CPU
		{3C1E0D6A-1252-4C93-AD1C-2C8E4EE40719}.Release|Any CPU.Build.0 = Release|Any CPU
	EndGlobalSection
	GlobalSection(SolutionProperties) = preSolution
		HideSolutionNode = FALSE
	EndGlobalSection
	GlobalSection(ExtensibilityGlobals) = postSolution
		SolutionGuid = {BB9A92DD-F8D6-41F5-B0C4-8A937AA31E87}
	EndGlobalSection
EndGlobal
